
Microsoft Visual Studio Solution File, Format Version 12.00
# Visual Studio 15
VisualStudioVersion = 15.0.28307.421
MinimumVisualStudioVersion = 10.0.40219.1
Project("{FAE04EC0-301F-11D3-BF4B-00C04F79EFBC}") = "E_COM", "E_COM\E_COM.csproj", "{2F5963F1-59EF-48D5-AA52-0FDFE8249923}"
EndProject
Global
	GlobalSection(SolutionConfigurationPlatforms) = preSolution
		Debug|Any CPU = Debug|Any CPU
		Release|Any CPU = Release|Any CPU
	EndGlobalSection
	GlobalSection(ProjectConfigurationPlatforms) = postSolution
		{2F5963F1-59EF-48D5-AA52-0FDFE8249923}.Debug|Any CPU.ActiveCfg = Debug|Any CPU
		{2F5963F1-59EF-48D5-AA52-0FDFE8249923}.Debug|Any CPU.Build.0 = Debug|Any CPU
		{2F5963F1-59EF-48D5-AA52-0FDFE8249923}.Release|Any CPU.ActiveCfg = Release|Any CPU
		{2F5963F1-59EF-48D5-AA52-0FDFE8249923}.Release|Any CPU.Build.0 = Release|Any CPU
	EndGlobalSection
	GlobalSection(SolutionProperties) = preSolution
		HideSolutionNode = FALSE
	EndGlobalSection
	GlobalSection(ExtensibilityGlobals) = postSolution
		SolutionGuid = {035EBDD7-23E1-409B-8A7C-D99DD932738F}
	EndGlobalSection
EndGlobal
